
Microsoft Visual Studio Solution File, Format Version 12.00
# Visual Studio 15
VisualStudioVersion = 15.0.27130.2020
MinimumVisualStudioVersion = 10.0.40219.1
Project("{FAE04EC0-301F-11D3-BF4B-00C04F79EFBC}") = "AraMonitoring", "WindowsFormsApp1\AraMonitoring.csproj", "{CC676AA5-4C03-4FE4-9BFD-30FE36494CD7}"
EndProject
Global
	GlobalSection(SolutionConfigurationPlatforms) = preSolution
		Debug|Any CPU = Debug|Any CPU
		Release|Any CPU = Release|Any CPU
	EndGlobalSection
	GlobalSection(ProjectConfigurationPlatforms) = postSolution
		{CC676AA5-4C03-4FE4-9BFD-30FE36494CD7}.Debug|Any CPU.ActiveCfg = Debug|Any CPU
		{CC676AA5-4C03-4FE4-9BFD-30FE36494CD7}.Debug|Any CPU.Build.0 = Debug|Any CPU
		{CC676AA5-4C03-4FE4-9BFD-30FE36494CD7}.Release|Any CPU.ActiveCfg = Release|Any CPU
		{CC676AA5-4C03-4FE4-9BFD-30FE36494CD7}.Release|Any CPU.Build.0 = Release|Any CPU
	EndGlobalSection
	GlobalSection(SolutionProperties) = preSolution
		HideSolutionNode = FALSE
	EndGlobalSection
	GlobalSection(ExtensibilityGlobals) = postSolution
		SolutionGuid = {D01D96AC-5FAE-4B02-92D1-7777653D86FC}
	EndGlobalSection
EndGlobal
